
Microsoft Visual Studio Solution File, Format Version 11.00
# Visual Studio 2010
Project("{325B8569-0C7C-4A6A-8AF8-89C3B6BC9E74}") = "RubyApplication1", "RubyApplication1\RubyApplication1.stproj", "{67E477DD-E073-4C11-9FEF-8D00880BC617}"
EndProject
Global
	GlobalSection(SolutionConfigurationPlatforms) = preSolution
		Debug|AnyCPU = Debug|AnyCPU
		Release|AnyCPU = Release|AnyCPU
	EndGlobalSection
	GlobalSection(ProjectConfigurationPlatforms) = postSolution
		{67E477DD-E073-4C11-9FEF-8D00880BC617}.Debug|AnyCPU.ActiveCfg = Debug|AnyCPU
		{67E477DD-E073-4C11-9FEF-8D00880BC617}.Debug|AnyCPU.Build.0 = Debug|AnyCPU
		{67E477DD-E073-4C11-9FEF-8D00880BC617}.Release|AnyCPU.ActiveCfg = Release|AnyCPU
		{67E477DD-E073-4C11-9FEF-8D00880BC617}.Release|AnyCPU.Build.0 = Release|AnyCPU
	EndGlobalSection
	GlobalSection(SolutionProperties) = preSolution
		HideSolutionNode = FALSE
	EndGlobalSection
EndGlobal
