
Microsoft Visual Studio Solution File, Format Version 10.00
# Visual Studio 2008
Project("{8BC9CEB8-8B4A-11D0-8D11-00A0C91BC942}") = "LeCafe", "LeCafe\LeCafe.vcproj", "{49E822DD-A65D-4AC5-9AB5-1787409A0E78}"
EndProject
Global
	GlobalSection(SolutionConfigurationPlatforms) = preSolution
		Debug|Win32 = Debug|Win32
		Release|Win32 = Release|Win32
	EndGlobalSection
	GlobalSection(ProjectConfigurationPlatforms) = postSolution
		{49E822DD-A65D-4AC5-9AB5-1787409A0E78}.Debug|Win32.ActiveCfg = Debug|Win32
		{49E822DD-A65D-4AC5-9AB5-1787409A0E78}.Debug|Win32.Build.0 = Debug|Win32
		{49E822DD-A65D-4AC5-9AB5-1787409A0E78}.Release|Win32.ActiveCfg = Release|Win32
		{49E822DD-A65D-4AC5-9AB5-1787409A0E78}.Release|Win32.Build.0 = Release|Win32
	EndGlobalSection
	GlobalSection(SolutionProperties) = preSolution
		HideSolutionNode = FALSE
	EndGlobalSection
EndGlobal
